
Microsoft Visual Studio Solution File, Format Version 12.00
# Visual Studio Version 16
VisualStudioVersion = 16.0.31702.278
MinimumVisualStudioVersion = 10.0.40219.1
Project("{FAE04EC0-301F-11D3-BF4B-00C04F79EFBC}") = "WpfApp41", "WpfApp41.csproj", "{D886515B-8D36-450A-BF62-D85798C2CF7F}"
EndProject
Global
	GlobalSection(SolutionConfigurationPlatforms) = preSolution
		Debug|Any CPU = Debug|Any CPU
		Release|Any CPU = Release|Any CPU
	EndGlobalSection
	GlobalSection(ProjectConfigurationPlatforms) = postSolution
		{D886515B-8D36-450A-BF62-D85798C2CF7F}.Debug|Any CPU.ActiveCfg = Debug|Any CPU
		{D886515B-8D36-450A-BF62-D85798C2CF7F}.Debug|Any CPU.Build.0 = Debug|Any CPU
		{D886515B-8D36-450A-BF62-D85798C2CF7F}.Release|Any CPU.ActiveCfg = Release|Any CPU
		{D886515B-8D36-450A-BF62-D85798C2CF7F}.Release|Any CPU.Build.0 = Release|Any CPU
	EndGlobalSection
	GlobalSection(SolutionProperties) = preSolution
		HideSolutionNode = FALSE
	EndGlobalSection
	GlobalSection(ExtensibilityGlobals) = postSolution
		SolutionGuid = {C3D8FC12-6B79-4973-9F67-44B758DFE051}
	EndGlobalSection
EndGlobal
